Microsoft Visual Studio Solution File, Format Version 11.00
# Visual Studio 2008

Project("{2283BD7C-0428-5360-59AD-3A67D585C9A5}") = "raytest", "Assembly-CSharp-firstpass.csproj", "{A8A32A30-FA21-0745-A086-E9BB5F98FFAA}"
EndProject
Project("{2283BD7C-0428-5360-59AD-3A67D585C9A5}") = "raytest", "Assembly-CSharp.csproj", "{30895185-F21F-6BB6-C0EF-4F4CFF11AEFF}"
EndProject
Project("{2283BD7C-0428-5360-59AD-3A67D585C9A5}") = "raytest", "Assembly-CSharp-Editor.csproj", "{5258DDA0-89FA-C45B-B80F-C332973E0A90}"
EndProject
Project("{2283BD7C-0428-5360-59AD-3A67D585C9A5}") = "raytest", "Assembly-UnityScript-firstpass.unityproj", "{F3BD06FE-CB26-A5B2-6119-928C3386C247}"
EndProject
Global
	GlobalSection(SolutionConfigurationPlatforms) = preSolution
		Debug|Any CPU = Debug|Any CPU
		Release|Any CPU = Release|Any CPU
	EndGlobalSection
	GlobalSection(ProjectConfigurationPlatforms) = postSolution
		{A8A32A30-FA21-0745-A086-E9BB5F98FFAA}.Debug|Any CPU.ActiveCfg = Debug|Any CPU
		{A8A32A30-FA21-0745-A086-E9BB5F98FFAA}.Debug|Any CPU.Build.0 = Debug|Any CPU
		{A8A32A30-FA21-0745-A086-E9BB5F98FFAA}.Release|Any CPU.ActiveCfg = Release|Any CPU
		{A8A32A30-FA21-0745-A086-E9BB5F98FFAA}.Release|Any CPU.Build.0 = Release|Any CPU
		{30895185-F21F-6BB6-C0EF-4F4CFF11AEFF}.Debug|Any CPU.ActiveCfg = Debug|Any CPU
		{30895185-F21F-6BB6-C0EF-4F4CFF11AEFF}.Debug|Any CPU.Build.0 = Debug|Any CPU
		{30895185-F21F-6BB6-C0EF-4F4CFF11AEFF}.Release|Any CPU.ActiveCfg = Release|Any CPU
		{30895185-F21F-6BB6-C0EF-4F4CFF11AEFF}.Release|Any CPU.Build.0 = Release|Any CPU
		{5258DDA0-89FA-C45B-B80F-C332973E0A90}.Debug|Any CPU.ActiveCfg = Debug|Any CPU
		{5258DDA0-89FA-C45B-B80F-C332973E0A90}.Debug|Any CPU.Build.0 = Debug|Any CPU
		{5258DDA0-89FA-C45B-B80F-C332973E0A90}.Release|Any CPU.ActiveCfg = Release|Any CPU
		{5258DDA0-89FA-C45B-B80F-C332973E0A90}.Release|Any CPU.Build.0 = Release|Any CPU
		{F3BD06FE-CB26-A5B2-6119-928C3386C247}.Debug|Any CPU.ActiveCfg = Debug|Any CPU
		{F3BD06FE-CB26-A5B2-6119-928C3386C247}.Debug|Any CPU.Build.0 = Debug|Any CPU
		{F3BD06FE-CB26-A5B2-6119-928C3386C247}.Release|Any CPU.ActiveCfg = Release|Any CPU
		{F3BD06FE-CB26-A5B2-6119-928C3386C247}.Release|Any CPU.Build.0 = Release|Any CPU
	EndGlobalSection
	GlobalSection(SolutionProperties) = preSolution
		HideSolutionNode = FALSE
	EndGlobalSection
																																																											GlobalSection(MonoDevelopProperties) = preSolution
		StartupItem = Assembly-CSharp.csproj
		Policies = $0
		$0.TextStylePolicy = $1
		$1.inheritsSet = null
		$1.scope = text/x-csharp
		$0.CSharpFormattingPolicy = $2
		$2.inheritsSet = Mono
		$2.inheritsScope = text/x-csharp
		$2.scope = text/x-csharp
		$0.TextStylePolicy = $3
		$3.FileWidth = 120
		$3.TabWidth = 4
		$3.EolMarker = Unix
		$3.inheritsSet = Mono
		$3.inheritsScope = text/plain
		$3.scope = text/plain
	EndGlobalSection

EndGlobal
